// !$*UTF8*$!
{
	archiveVersion = 1;
	classes = {
	};
	objectVersion = 50;
	objects = {

/* Begin PBXBuildFile section */
		2012C9D12295D9A700BE1BF9 /* .gitkeep in Resources */ = {isa = PBXBuildFile; fileRef = 2012C9CF2295D9A600BE1BF9 /* .gitkeep */; };
		2012C9D22295D9A700BE1BF9 /* CanvasViewController.swift in Sources */ = {isa = PBXBuildFile; fileRef = 2012C9D02295D9A600BE1BF9 /* CanvasViewController.swift */; };
		2081D26722948C000005BB67 /* AppDelegate.swift in Sources */ = {isa = PBXBuildFile; fileRef = 2081D26622948C000005BB67 /* AppDelegate.swift */; };
		2081D26922948C000005BB67 /* ViewController.swift in Sources */ = {isa = PBXBuildFile; fileRef = 2081D26822948C000005BB67 /* ViewController.swift */; };
		2081D26B22948C010005BB67 /* Assets.xcassets in Resources */ = {isa = PBXBuildFile; fileRef = 2081D26A22948C010005BB67 /* Assets.xcassets */; };
		2081D26E22948C010005BB67 /* Main.storyboard in Resources */ = {isa = PBXBuildFile; fileRef = 2081D26C22948C010005BB67 /* Main.storyboard */; };
		2081D27A22948C010005BB67 /* CodeDesignTests.swift in Sources */ = {isa = PBXBuildFile; fileRef = 2081D27922948C010005BB67 /* CodeDesignTests.swift */; };
		2081D28522948C010005BB67 /* CodeDesignUITests.swift in Sources */ = {isa = PBXBuildFile; fileRef = 2081D28422948C010005BB67 /* CodeDesignUITests.swift */; };
/* End PBXBuildFile section */

/* Begin PBXContainerItemProxy section */
		2081D27622948C010005BB67 /* PBXContainerItemProxy */ = {
			isa = PBXContainerItemProxy;
			containerPortal = 2081D25B22948C000005BB67 /* Project object */;
			proxyType = 1;
			remoteGlobalIDString = 2081D26222948C000005BB67;
			remoteInfo = CodeDesign;
		};
		2081D28122948C010005BB67 /* PBXContainerItemProxy */ = {
			isa = PBXContainerItemProxy;
			containerPortal = 2081D25B22948C000005BB67 /* Project object */;
			proxyType = 1;
			remoteGlobalIDString = 2081D26222948C000005BB67;
			remoteInfo = CodeDesign;
		};
/* End PBXContainerItemProxy section */

/* Begin PBXFileReference section */
		2012C9CF2295D9A600BE1BF9 /* .gitkeep */ = {isa = PBXFileReference; fileEncoding = 4; lastKnownFileType = text; path = .gitkeep; sourceTree = "<group>"; };
		2012C9D02295D9A600BE1BF9 /* CanvasViewController.swift */ = {isa = PBXFileReference; fileEncoding = 4; lastKnownFileType = sourcecode.swift; path = CanvasViewController.swift; sourceTree = "<group>"; };
		2081D26322948C000005BB67 /* CodeDesign.app */ = {isa = PBXFileReference; explicitFileType = wrapper.application; includeInIndex = 0; path = CodeDesign.app; sourceTree = BUILT_PRODUCTS_DIR; };
		2081D26622948C000005BB67 /* AppDelegate.swift */ = {isa = PBXFileReference; lastKnownFileType = sourcecode.swift; path = AppDelegate.swift; sourceTree = "<group>"; };
		2081D26822948C000005BB67 /* ViewController.swift */ = {isa = PBXFileReference; lastKnownFileType = sourcecode.swift; path = ViewController.swift; sourceTree = "<group>"; };
		2081D26A22948C010005BB67 /* Assets.xcassets */ = {isa = PBXFileReference; lastKnownFileType = folder.assetcatalog; path = Assets.xcassets; sourceTree = "<group>"; };
		2081D26D22948C010005BB67 /* Base */ = {isa = PBXFileReference; lastKnownFileType = file.storyboard; name = Base; path = Base.lproj/Main.storyboard; sourceTree = "<group>"; };
		2081D26F22948C010005BB67 /* Info.plist */ = {isa = PBXFileReference; lastKnownFileType = text.plist.xml; path = Info.plist; sourceTree = "<group>"; };
		2081D27022948C010005BB67 /* CodeDesign.entitlements */ = {isa = PBXFileReference; lastKnownFileType = text.plist.entitlements; path = CodeDesign.entitlements; sourceTree = "<group>"; };
		2081D27522948C010005BB67 /* CodeDesignTests.xctest */ = {isa = PBXFileReference; explicitFileType = wrapper.cfbundle; includeInIndex = 0; path = CodeDesignTests.xctest; sourceTree = BUILT_PRODUCTS_DIR; };
		2081D27922948C010005BB67 /* CodeDesignTests.swift */ = {isa = PBXFileReference; lastKnownFileType = sourcecode.swift; path = CodeDesignTests.swift; sourceTree = "<group>"; };
		2081D27B22948C010005BB67 /* Info.plist */ = {isa = PBXFileReference; lastKnownFileType = text.plist.xml; path = Info.plist; sourceTree = "<group>"; };
		2081D28022948C010005BB67 /* CodeDesignUITests.xctest */ = {isa = PBXFileReference; explicitFileType = wrapper.cfbundle; includeInIndex = 0; path = CodeDesignUITests.xctest; sourceTree = BUILT_PRODUCTS_DIR; };
		2081D28422948C010005BB67 /* CodeDesignUITests.swift */ = {isa = PBXFileReference; lastKnownFileType = sourcecode.swift; path = CodeDesignUITests.swift; sourceTree = "<group>"; };
		2081D28622948C010005BB67 /* Info.plist */ = {isa = PBXFileReference; lastKnownFileType = text.plist.xml; path = Info.plist; sourceTree = "<group>"; };
/* End PBXFileReference section */

/* Begin PBXFrameworksBuildPhase section */
		2081D26022948C000005BB67 /* Frameworks */ = {
			isa = PBXFrameworksBuildPhase;
			buildActionMask = 2147483647;
			files = (
			);
			runOnlyForDeploymentPostprocessing = 0;
		};
		2081D27222948C010005BB67 /* Frameworks */ = {
			isa = PBXFrameworksBuildPhase;
			buildActionMask = 2147483647;
			files = (
			);
			runOnlyForDeploymentPostprocessing = 0;
		};
		2081D27D22948C010005BB67 /* Frameworks */ = {
			isa = PBXFrameworksBuildPhase;
			buildActionMask = 2147483647;
			files = (
			);
			runOnlyForDeploymentPostprocessing = 0;
		};
/* End PBXFrameworksBuildPhase section */

/* Begin PBXGroup section */
		2012C9CE2295D9A600BE1BF9 /* Classes */ = {
			isa = PBXGroup;
			children = (
				2012C9CF2295D9A600BE1BF9 /* .gitkeep */,
				2012C9D02295D9A600BE1BF9 /* CanvasViewController.swift */,
			);
			path = Classes;
			sourceTree = SOURCE_ROOT;
		};
		2081D25A22948C000005BB67 = {
			isa = PBXGroup;
			children = (
				2081D26522948C000005BB67 /* CodeDesign */,
				2081D27822948C010005BB67 /* CodeDesignTests */,
				2081D28322948C010005BB67 /* CodeDesignUITests */,
				2081D26422948C000005BB67 /* Products */,
			);
			sourceTree = "<group>";
		};
		2081D26422948C000005BB67 /* Products */ = {
			isa = PBXGroup;
			children = (
				2081D26322948C000005BB67 /* CodeDesign.app */,
				2081D27522948C010005BB67 /* CodeDesignTests.xctest */,
				2081D28022948C010005BB67 /* CodeDesignUITests.xctest */,
			);
			name = Products;
			sourceTree = "<group>";
		};
		2081D26522948C000005BB67 /* CodeDesign */ = {
			isa = PBXGroup;
			children = (
				2012C9CE2295D9A600BE1BF9 /* Classes */,
				2081D26622948C000005BB67 /* AppDelegate.swift */,
				2081D26822948C000005BB67 /* ViewController.swift */,
				2081D26A22948C010005BB67 /* Assets.xcassets */,
				2081D26C22948C010005BB67 /* Main.storyboard */,
				2081D26F22948C010005BB67 /* Info.plist */,
				2081D27022948C010005BB67 /* CodeDesign.entitlements */,
			);
			path = CodeDesign;
			sourceTree = "<group>";
		};
		2081D27822948C010005BB67 /* CodeDesignTests */ = {
			isa = PBXGroup;
			children = (
				2081D27922948C010005BB67 /* CodeDesignTests.swift */,
				2081D27B22948C010005BB67 /* Info.plist */,
			);
			path = CodeDesignTests;
			sourceTree = "<group>";
		};
		2081D28322948C010005BB67 /* CodeDesignUITests */ = {
			isa = PBXGroup;
			children = (
				2081D28422948C010005BB67 /* CodeDesignUITests.swift */,
				2081D28622948C010005BB67 /* Info.plist */,
			);
			path = CodeDesignUITests;
			sourceTree = "<group>";
		};
/* End PBXGroup section */

/* Begin PBXNativeTarget section */
		2081D26222948C000005BB67 /* CodeDesign */ = {
			isa = PBXNativeTarget;
			buildConfigurationList = 2081D28922948C010005BB67 /* Build configuration list for PBXNativeTarget "CodeDesign" */;
			buildPhases = (
				2081D25F22948C000005BB67 /* Sources */,
				2081D26022948C000005BB67 /* Frameworks */,
				2081D26122948C000005BB67 /* Resources */,
			);
			buildRules = (
			);
			dependencies = (
			);
			name = CodeDesign;
			productName = CodeDesign;
			productReference = 2081D26322948C000005BB67 /* CodeDesign.app */;
			productType = "com.apple.product-type.application";
		};
		2081D27422948C010005BB67 /* CodeDesignTests */ = {
			isa = PBXNativeTarget;
			buildConfigurationList = 2081D28C22948C010005BB67 /* Build configuration list for PBXNativeTarget "CodeDesignTests" */;
			buildPhases = (
				2081D27122948C010005BB67 /* Sources */,
				2081D27222948C010005BB67 /* Frameworks */,
				2081D27322948C010005BB67 /* Resources */,
			);
			buildRules = (
			);
			dependencies = (
				2081D27722948C010005BB67 /* PBXTargetDependency */,
			);
			name = CodeDesignTests;
			productName = CodeDesignTests;
			productReference = 2081D27522948C010005BB67 /* CodeDesignTests.xctest */;
			productType = "com.apple.product-type.bundle.unit-test";
		};
		2081D27F22948C010005BB67 /* CodeDesignUITests */ = {
			isa = PBXNativeTarget;
			buildConfigurationList = 2081D28F22948C010005BB67 /* Build configuration list for PBXNativeTarget "CodeDesignUITests" */;
			buildPhases = (
				2081D27C22948C010005BB67 /* Sources */,
				2081D27D22948C010005BB67 /* Frameworks */,
				2081D27E22948C010005BB67 /* Resources */,
			);
			buildRules = (
			);
			dependencies = (
				2081D28222948C010005BB67 /* PBXTargetDependency */,
			);
			name = CodeDesignUITests;
			productName = CodeDesignUITests;
			productReference = 2081D28022948C010005BB67 /* CodeDesignUITests.xctest */;
			productType = "com.apple.product-type.bundle.ui-testing";
		};
/* End PBXNativeTarget section */

/* Begin PBXProject section */
		2081D25B22948C000005BB67 /* Project object */ = {
			isa = PBXProject;
			attributes = {
				LastSwiftUpdateCheck = 1010;
				LastUpgradeCheck = 1010;
				ORGANIZATIONNAME = "Prolific Interactive";
				TargetAttributes = {
					2081D26222948C000005BB67 = {
						CreatedOnToolsVersion = 10.1;
					};
					2081D27422948C010005BB67 = {
						CreatedOnToolsVersion = 10.1;
						TestTargetID = 2081D26222948C000005BB67;
					};
					2081D27F22948C010005BB67 = {
						CreatedOnToolsVersion = 10.1;
						TestTargetID = 2081D26222948C000005BB67;
					};
				};
			};
			buildConfigurationList = 2081D25E22948C000005BB67 /* Build configuration list for PBXProject "CodeDesign" */;
			compatibilityVersion = "Xcode 9.3";
			developmentRegion = en;
			hasScannedForEncodings = 0;
			knownRegions = (
				en,
				Base,
			);
			mainGroup = 2081D25A22948C000005BB67;
			productRefGroup = 2081D26422948C000005BB67 /* Products */;
			projectDirPath = "";
			projectRoot = "";
			targets = (
				2081D26222948C000005BB67 /* CodeDesign */,
				2081D27422948C010005BB67 /* CodeDesignTests */,
				2081D27F22948C010005BB67 /* CodeDesignUITests */,
			);
		};
/* End PBXProject section */

/* Begin PBXResourcesBuildPhase section */
		2081D26122948C000005BB67 /* Resources */ = {
			isa = PBXResourcesBuildPhase;
			buildActionMask = 2147483647;
			files = (
				2012C9D12295D9A700BE1BF9 /* .gitkeep in Resources */,
				2081D26B22948C010005BB67 /* Assets.xcassets in Resources */,
				2081D26E22948C010005BB67 /* Main.storyboard in Resources */,
			);
			runOnlyForDeploymentPostprocessing = 0;
		};
		2081D27322948C010005BB67 /* Resources */ = {
			isa = PBXResourcesBuildPhase;
			buildActionMask = 2147483647;
			files = (
			);
			runOnlyForDeploymentPostprocessing = 0;
		};
		2081D27E22948C010005BB67 /* Resources */ = {
			isa = PBXResourcesBuildPhase;
			buildActionMask = 2147483647;
			files = (
			);
			runOnlyForDeploymentPostprocessing = 0;
		};
/* End PBXResourcesBuildPhase section */

/* Begin PBXSourcesBuildPhase section */
		2081D25F22948C000005BB67 /* Sources */ = {
			isa = PBXSourcesBuildPhase;
			buildActionMask = 2147483647;
			files = (
				2081D26922948C000005BB67 /* ViewController.swift in Sources */,
				2012C9D22295D9A700BE1BF9 /* CanvasViewController.swift in Sources */,
				2081D26722948C000005BB67 /* AppDelegate.swift in Sources */,
			);
			runOnlyForDeploymentPostprocessing = 0;
		};
		2081D27122948C010005BB67 /* Sources */ = {
			isa = PBXSourcesBuildPhase;
			buildActionMask = 2147483647;
			files = (
				2081D27A22948C010005BB67 /* CodeDesignTests.swift in Sources */,
			);
			runOnlyForDeploymentPostprocessing = 0;
		};
		2081D27C22948C010005BB67 /* Sources */ = {
			isa = PBXSourcesBuildPhase;
			buildActionMask = 2147483647;
			files = (
				2081D28522948C010005BB67 /* CodeDesignUITests.swift in Sources */,
			);
			runOnlyForDeploymentPostprocessing = 0;
		};
/* End PBXSourcesBuildPhase section */

/* Begin PBXTargetDependency section */
		2081D27722948C010005BB67 /* PBXTargetDependency */ = {
			isa = PBXTargetDependency;
			target = 2081D26222948C000005BB67 /* CodeDesign */;
			targetProxy = 2081D27622948C010005BB67 /* PBXContainerItemProxy */;
		};
		2081D28222948C010005BB67 /* PBXTargetDependency */ = {
			isa = PBXTargetDependency;
			target = 2081D26222948C000005BB67 /* CodeDesign */;
			targetProxy = 2081D28122948C010005BB67 /* PBXContainerItemProxy */;
		};
/* End PBXTargetDependency section */

/* Begin PBXVariantGroup section */
		2081D26C22948C010005BB67 /* Main.storyboard */ = {
			isa = PBXVariantGroup;
			children = (
				2081D26D22948C010005BB67 /* Base */,
			);
			name = Main.storyboard;
			sourceTree = "<group>";
		};
/* End PBXVariantGroup section */

/* Begin XCBuildConfiguration section */
		2081D28722948C010005BB67 /* Debug */ = {
			isa = XCBuildConfiguration;
			buildSettings = {
				ALWAYS_SEARCH_USER_PATHS = NO;
				CLANG_ANALYZER_NONNULL = YES;
				CLANG_ANALYZER_NUMBER_OBJECT_CONVERSION = YES_AGGRESSIVE;
				CLANG_CXX_LANGUAGE_STANDARD = "gnu++14";
				CLANG_CXX_LIBRARY = "libc++";
				CLANG_ENABLE_MODULES = YES;
				CLANG_ENABLE_OBJC_ARC = YES;
				CLANG_ENABLE_OBJC_WEAK = YES;
				CLANG_WARN_BLOCK_CAPTURE_AUTORELEASING = YES;
				CLANG_WARN_BOOL_CONVERSION = YES;
				CLANG_WARN_COMMA = YES;
				CLANG_WARN_CONSTANT_CONVERSION = YES;
				CLANG_WARN_DEPRECATED_OBJC_IMPLEMENTATIONS = YES;
				CLANG_WARN_DIRECT_OBJC_ISA_USAGE = YES_ERROR;
				CLANG_WARN_DOCUMENTATION_COMMENTS = YES;
				CLANG_WARN_EMPTY_BODY = YES;
				CLANG_WARN_ENUM_CONVERSION = YES;
				CLANG_WARN_INFINITE_RECURSION = YES;
				CLANG_WARN_INT_CONVERSION = YES;
				CLANG_WARN_NON_LITERAL_NULL_CONVERSION = YES;
				CLANG_WARN_OBJC_IMPLICIT_RETAIN_SELF = YES;
				CLANG_WARN_OBJC_LITERAL_CONVERSION = YES;
				CLANG_WARN_OBJC_ROOT_CLASS = YES_ERROR;
				CLANG_WARN_RANGE_LOOP_ANALYSIS = YES;
				CLANG_WARN_STRICT_PROTOTYPES = YES;
				CLANG_WARN_SUSPICIOUS_MOVE = YES;
				CLANG_WARN_UNGUARDED_AVAILABILITY = YES_AGGRESSIVE;
				CLANG_WARN_UNREACHABLE_CODE = YES;
				CLANG_WARN__DUPLICATE_METHOD_MATCH = YES;
				CODE_SIGN_IDENTITY = "Mac Developer";
				COPY_PHASE_STRIP = NO;
				DEBUG_INFORMATION_FORMAT = dwarf;
				ENABLE_STRICT_OBJC_MSGSEND = YES;
				ENABLE_TESTABILITY = YES;
				GCC_C_LANGUAGE_STANDARD = gnu11;
				GCC_DYNAMIC_NO_PIC = NO;
				GCC_NO_COMMON_BLOCKS = YES;
				GCC_OPTIMIZATION_LEVEL = 0;
				GCC_PREPROCESSOR_DEFINITIONS = (
					"DEBUG=1",
					"$(inherited)",
				);
				GCC_WARN_64_TO_32_BIT_CONVERSION = YES;
				GCC_WARN_ABOUT_RETURN_TYPE = YES_ERROR;
				GCC_WARN_UNDECLARED_SELECTOR = YES;
				GCC_WARN_UNINITIALIZED_AUTOS = YES_AGGRESSIVE;
				GCC_WARN_UNUSED_FUNCTION = YES;
				GCC_WARN_UNUSED_VARIABLE = YES;
				MACOSX_DEPLOYMENT_TARGET = 10.14;
				MTL_ENABLE_DEBUG_INFO = INCLUDE_SOURCE;
				MTL_FAST_MATH = YES;
				ONLY_ACTIVE_ARCH = YES;
				SDKROOT = macosx;
				SWIFT_ACTIVE_COMPILATION_CONDITIONS = DEBUG;
				SWIFT_OPTIMIZATION_LEVEL = "-Onone";
			};
			name = Debug;
		};
		2081D28822948C010005BB67 /* Release */ = {
			isa = XCBuildConfiguration;
			buildSettings = {
				ALWAYS_SEARCH_USER_PATHS = NO;
				CLANG_ANALYZER_NONNULL = YES;
				CLANG_ANALYZER_NUMBER_OBJECT_CONVERSION = YES_AGGRESSIVE;
				CLANG_CXX_LANGUAGE_STANDARD = "gnu++14";
				CLANG_CXX_LIBRARY = "libc++";
				CLANG_ENABLE_MODULES = YES;
				CLANG_ENABLE_OBJC_ARC = YES;
				CLANG_ENABLE_OBJC_WEAK = YES;
				CLANG_WARN_BLOCK_CAPTURE_AUTORELEASING = YES;
				CLANG_WARN_BOOL_CONVERSION = YES;
				CLANG_WARN_COMMA = YES;
				CLANG_WARN_CONSTANT_CONVERSION = YES;
				CLANG_WARN_DEPRECATED_OBJC_IMPLEMENTATIONS = YES;
				CLANG_WARN_DIRECT_OBJC_ISA_USAGE = YES_ERROR;
				CLANG_WARN_DOCUMENTATION_COMMENTS = YES;
				CLANG_WARN_EMPTY_BODY = YES;
				CLANG_WARN_ENUM_CONVERSION = YES;
				CLANG_WARN_INFINITE_RECURSION = YES;
				CLANG_WARN_INT_CONVERSION = YES;
				CLANG_WARN_NON_LITERAL_NULL_CONVERSION = YES;
				CLANG_WARN_OBJC_IMPLICIT_RETAIN_SELF = YES;
				CLANG_WARN_OBJC_LITERAL_CONVERSION = YES;
				CLANG_WARN_OBJC_ROOT_CLASS = YES_ERROR;
				CLANG_WARN_RANGE_LOOP_ANALYSIS = YES;
				CLANG_WARN_STRICT_PROTOTYPES = YES;
				CLANG_WARN_SUSPICIOUS_MOVE = YES;
				CLANG_WARN_UNGUARDED_AVAILABILITY = YES_AGGRESSIVE;
				CLANG_WARN_UNREACHABLE_CODE = YES;
				CLANG_WARN__DUPLICATE_METHOD_MATCH = YES;
				CODE_SIGN_IDENTITY = "Mac Developer";
				COPY_PHASE_STRIP = NO;
				DEBUG_INFORMATION_FORMAT = "dwarf-with-dsym";
				ENABLE_NS_ASSERTIONS = NO;
				ENABLE_STRICT_OBJC_MSGSEND = YES;
				GCC_C_LANGUAGE_STANDARD = gnu11;
				GCC_NO_COMMON_BLOCKS = YES;
				GCC_WARN_64_TO_32_BIT_CONVERSION = YES;
				GCC_WARN_ABOUT_RETURN_TYPE = YES_ERROR;
				GCC_WARN_UNDECLARED_SELECTOR = YES;
				GCC_WARN_UNINITIALIZED_AUTOS = YES_AGGRESSIVE;
				GCC_WARN_UNUSED_FUNCTION = YES;
				GCC_WARN_UNUSED_VARIABLE = YES;
				MACOSX_DEPLOYMENT_TARGET = 10.14;
				MTL_ENABLE_DEBUG_INFO = NO;
				MTL_FAST_MATH = YES;
				SDKROOT = macosx;
				SWIFT_COMPILATION_MODE = wholemodule;
				SWIFT_OPTIMIZATION_LEVEL = "-O";
			};
			name = Release;
		};
		2081D28A22948C010005BB67 /* Debug */ = {
			isa = XCBuildConfiguration;
			buildSettings = {
				ASSETCATALOG_COMPILER_APPICON_NAME = AppIcon;
				CODE_SIGN_ENTITLEMENTS = CodeDesign/CodeDesign.entitlements;
				CODE_SIGN_STYLE = Automatic;
				COMBINE_HIDPI_IMAGES = YES;
				DEVELOPMENT_TEAM = 5ZZ7W4SB26;
				INFOPLIST_FILE = CodeDesign/Info.plist;
				LD_RUNPATH_SEARCH_PATHS = (
					"$(inherited)",
					"@executable_path/../Frameworks",
				);
				PRODUCT_BUNDLE_IDENTIFIER = com.prolificinteractive.CodeDesign;
				PRODUCT_NAME = "$(TARGET_NAME)";
				SWIFT_VERSION = 4.2;
			};
			name = Debug;
		};
		2081D28B22948C010005BB67 /* Release */ = {
			isa = XCBuildConfiguration;
			buildSettings = {
				ASSETCATALOG_COMPILER_APPICON_NAME = AppIcon;
				CODE_SIGN_ENTITLEMENTS = CodeDesign/CodeDesign.entitlements;
				CODE_SIGN_STYLE = Automatic;
				COMBINE_HIDPI_IMAGES = YES;
				DEVELOPMENT_TEAM = 5ZZ7W4SB26;
				INFOPLIST_FILE = CodeDesign/Info.plist;
				LD_RUNPATH_SEARCH_PATHS = (
					"$(inherited)",
					"@executable_path/../Frameworks",
				);
				PRODUCT_BUNDLE_IDENTIFIER = com.prolificinteractive.CodeDesign;
				PRODUCT_NAME = "$(TARGET_NAME)";
				SWIFT_VERSION = 4.2;
			};
			name = Release;
		};
		2081D28D22948C010005BB67 /* Debug */ = {
			isa = XCBuildConfiguration;
			buildSettings = {
				ALWAYS_EMBED_SWIFT_STANDARD_LIBRARIES = YES;
				BUNDLE_LOADER = "$(TEST_HOST)";
				CODE_SIGN_STYLE = Automatic;
				COMBINE_HIDPI_IMAGES = YES;
				DEVELOPMENT_TEAM = 5ZZ7W4SB26;
				INFOPLIST_FILE = CodeDesignTests/Info.plist;
				LD_RUNPATH_SEARCH_PATHS = (
					"$(inherited)",
					"@executable_path/../Frameworks",
					"@loader_path/../Frameworks",
				);
				PRODUCT_BUNDLE_IDENTIFIER = com.prolificinteractive.CodeDesignTests;
				PRODUCT_NAME = "$(TARGET_NAME)";
				SWIFT_VERSION = 4.2;
				TEST_HOST = "$(BUILT_PRODUCTS_DIR)/CodeDesign.app/Contents/MacOS/CodeDesign";
			};
			name = Debug;
		};
		2081D28E22948C010005BB67 /* Release */ = {
			isa = XCBuildConfiguration;
			buildSettings = {
				ALWAYS_EMBED_SWIFT_STANDARD_LIBRARIES = YES;
				BUNDLE_LOADER = "$(TEST_HOST)";
				CODE_SIGN_STYLE = Automatic;
				COMBINE_HIDPI_IMAGES = YES;
				DEVELOPMENT_TEAM = 5ZZ7W4SB26;
				INFOPLIST_FILE = CodeDesignTests/Info.plist;
				LD_RUNPATH_SEARCH_PATHS = (
					"$(inherited)",
					"@executable_path/../Frameworks",
					"@loader_path/../Frameworks",
				);
				PRODUCT_BUNDLE_IDENTIFIER = com.prolificinteractive.CodeDesignTests;
				PRODUCT_NAME = "$(TARGET_NAME)";
				SWIFT_VERSION = 4.2;
				TEST_HOST = "$(BUILT_PRODUCTS_DIR)/CodeDesign.app/Contents/MacOS/CodeDesign";
			};
			name = Release;
		};
		2081D29022948C010005BB67 /* Debug */ = {
			isa = XCBuildConfiguration;
			buildSettings = {
				ALWAYS_EMBED_SWIFT_STANDARD_LIBRARIES = YES;
				CODE_SIGN_STYLE = Automatic;
				COMBINE_HIDPI_IMAGES = YES;
				DEVELOPMENT_TEAM = 5ZZ7W4SB26;
				INFOPLIST_FILE = CodeDesignUITests/Info.plist;
				LD_RUNPATH_SEARCH_PATHS = (
					"$(inherited)",
					"@executable_path/../Frameworks",
					"@loader_path/../Frameworks",
				);
				PRODUCT_BUNDLE_IDENTIFIER = com.prolificinteractive.CodeDesignUITests;
				PRODUCT_NAME = "$(TARGET_NAME)";
				SWIFT_VERSION = 4.2;
				TEST_TARGET_NAME = CodeDesign;
			};
			name = Debug;
		};
		2081D29122948C010005BB67 /* Release */ = {
			isa = XCBuildConfiguration;
			buildSettings = {
				ALWAYS_EMBED_SWIFT_STANDARD_LIBRARIES = YES;
				CODE_SIGN_STYLE = Automatic;
				COMBINE_HIDPI_IMAGES = YES;
				DEVELOPMENT_TEAM = 5ZZ7W4SB26;
				INFOPLIST_FILE = CodeDesignUITests/Info.plist;
				LD_RUNPATH_SEARCH_PATHS = (
					"$(inherited)",
					"@executable_path/../Frameworks",
					"@loader_path/../Frameworks",
				);
				PRODUCT_BUNDLE_IDENTIFIER = com.prolificinteractive.CodeDesignUITests;
				PRODUCT_NAME = "$(TARGET_NAME)";
				SWIFT_VERSION = 4.2;
				TEST_TARGET_NAME = CodeDesign;
			};
			name = Release;
		};
/* End XCBuildConfiguration section */

/* Begin XCConfigurationList section */
		2081D25E22948C000005BB67 /* Build configuration list for PBXProject "CodeDesign" */ = {
			isa = XCConfigurationList;
			buildConfigurations = (
				2081D28722948C010005BB67 /* Debug */,
				2081D28822948C010005BB67 /* Release */,
			);
			defaultConfigurationIsVisible = 0;
			defaultConfigurationName = Release;
		};
		2081D28922948C010005BB67 /* Build configuration list for PBXNativeTarget "CodeDesign" */ = {
			isa = XCConfigurationList;
			buildConfigurations = (
				2081D28A22948C010005BB67 /* Debug */,
				2081D28B22948C010005BB67 /* Release */,
			);
			defaultConfigurationIsVisible = 0;
			defaultConfigurationName = Release;
		};
		2081D28C22948C010005BB67 /* Build configuration list for PBXNativeTarget "CodeDesignTests" */ = {
			isa = XCConfigurationList;
			buildConfigurations = (
				2081D28D22948C010005BB67 /* Debug */,
				2081D28E22948C010005BB67 /* Release */,
			);
			defaultConfigurationIsVisible = 0;
			defaultConfigurationName = Release;
		};
		2081D28F22948C010005BB67 /* Build configuration list for PBXNativeTarget "CodeDesignUITests" */ = {
			isa = XCConfigurationList;
			buildConfigurations = (
				2081D29022948C010005BB67 /* Debug */,
				2081D29122948C010005BB67 /* Release */,
			);
			defaultConfigurationIsVisible = 0;
			defaultConfigurationName = Release;
		};
/* End XCConfigurationList section */
	};
	rootObject = 2081D25B22948C000005BB67 /* Project object */;
}
